
Microsoft Visual Studio Solution File, Format Version 12.00
# Visual Studio Version 16
VisualStudioVersion = 16.0.30523.141
MinimumVisualStudioVersion = 10.0.40219.1
Project("{FAE04EC0-301F-11D3-BF4B-00C04F79EFBC}") = "CastleTime_Numbers", "CastleTime_Numbers\CastleTime_Numbers.csproj", "{9BCC4C30-E216-4313-B157-353EED83E37E}"
EndProject
Global
	GlobalSection(SolutionConfigurationPlatforms) = preSolution
		Debug|Any CPU = Debug|Any CPU
		Release|Any CPU = Release|Any CPU
	EndGlobalSection
	GlobalSection(ProjectConfigurationPlatforms) = postSolution
		{9BCC4C30-E216-4313-B157-353EED83E37E}.Debug|Any CPU.ActiveCfg = Debug|Any CPU
		{9BCC4C30-E216-4313-B157-353EED83E37E}.Debug|Any CPU.Build.0 = Debug|Any CPU
		{9BCC4C30-E216-4313-B157-353EED83E37E}.Release|Any CPU.ActiveCfg = Release|Any CPU
		{9BCC4C30-E216-4313-B157-353EED83E37E}.Release|Any CPU.Build.0 = Release|Any CPU
	EndGlobalSection
	GlobalSection(SolutionProperties) = preSolution
		HideSolutionNode = FALSE
	EndGlobalSection
	GlobalSection(ExtensibilityGlobals) = postSolution
		SolutionGuid = {EBDD73F6-8076-4B3C-B109-0C31D0FC7100}
	EndGlobalSection
EndGlobal
